// !$*UTF8*$!
{
	archiveVersion = 1;
	classes = {
	};
	objectVersion = 46;
	objects = {

/* Begin PBXBuildFile section */
		37256BAF1ECE7F71000A25A6 /* AppDelegate.swift in Sources */ = {isa = PBXBuildFile; fileRef = 37256BAE1ECE7F71000A25A6 /* AppDelegate.swift */; };
		37256BB11ECE7F71000A25A6 /* ViewController.swift in Sources */ = {isa = PBXBuildFile; fileRef = 37256BB01ECE7F71000A25A6 /* ViewController.swift */; };
		37256BB41ECE7F71000A25A6 /* Main.storyboard in Resources */ = {isa = PBXBuildFile; fileRef = 37256BB21ECE7F71000A25A6 /* Main.storyboard */; };
		37256BB71ECE7F71000A25A6 /* FileManagement.xcdatamodeld in Sources */ = {isa = PBXBuildFile; fileRef = 37256BB51ECE7F71000A25A6 /* FileManagement.xcdatamodeld */; };
		37256BB91ECE7F71000A25A6 /* Assets.xcassets in Resources */ = {isa = PBXBuildFile; fileRef = 37256BB81ECE7F71000A25A6 /* Assets.xcassets */; };
		37256BBC1ECE7F71000A25A6 /* LaunchScreen.storyboard in Resources */ = {isa = PBXBuildFile; fileRef = 37256BBA1ECE7F71000A25A6 /* LaunchScreen.storyboard */; };
		37256BC71ECE7F71000A25A6 /* FileManagementTests.swift in Sources */ = {isa = PBXBuildFile; fileRef = 37256BC61ECE7F71000A25A6 /* FileManagementTests.swift */; };
		37256BD21ECE7F71000A25A6 /* FileManagementUITests.swift in Sources */ = {isa = PBXBuildFile; fileRef = 37256BD11ECE7F71000A25A6 /* FileManagementUITests.swift */; };
/* End PBXBuildFile section */

/* Begin PBXContainerItemProxy section */
		37256BC31ECE7F71000A25A6 /* PBXContainerItemProxy */ = {
			isa = PBXContainerItemProxy;
			containerPortal = 37256BA31ECE7F71000A25A6 /* Project object */;
			proxyType = 1;
			remoteGlobalIDString = 37256BAA1ECE7F71000A25A6;
			remoteInfo = FileManagement;
		};
		37256BCE1ECE7F71000A25A6 /* PBXContainerItemProxy */ = {
			isa = PBXContainerItemProxy;
			containerPortal = 37256BA31ECE7F71000A25A6 /* Project object */;
			proxyType = 1;
			remoteGlobalIDString = 37256BAA1ECE7F71000A25A6;
			remoteInfo = FileManagement;
		};
/* End PBXContainerItemProxy section */

/* Begin PBXFileReference section */
		37256BAB1ECE7F71000A25A6 /* FileManagement.app */ = {isa = PBXFileReference; explicitFileType = wrapper.application; includeInIndex = 0; path = FileManagement.app; sourceTree = BUILT_PRODUCTS_DIR; };
		37256BAE1ECE7F71000A25A6 /* AppDelegate.swift */ = {isa = PBXFileReference; lastKnownFileType = sourcecode.swift; path = AppDelegate.swift; sourceTree = "<group>"; };
		37256BB01ECE7F71000A25A6 /* ViewController.swift */ = {isa = PBXFileReference; lastKnownFileType = sourcecode.swift; path = ViewController.swift; sourceTree = "<group>"; };
		37256BB31ECE7F71000A25A6 /* Base */ = {isa = PBXFileReference; lastKnownFileType = file.storyboard; name = Base; path = Base.lproj/Main.storyboard; sourceTree = "<group>"; };
		37256BB61ECE7F71000A25A6 /* FileManagement.xcdatamodel */ = {isa = PBXFileReference; lastKnownFileType = wrapper.xcdatamodel; path = FileManagement.xcdatamodel; sourceTree = "<group>"; };
		37256BB81ECE7F71000A25A6 /* Assets.xcassets */ = {isa = PBXFileReference; lastKnownFileType = folder.assetcatalog; path = Assets.xcassets; sourceTree = "<group>"; };
		37256BBB1ECE7F71000A25A6 /* Base */ = {isa = PBXFileReference; lastKnownFileType = file.storyboard; name = Base; path = Base.lproj/LaunchScreen.storyboard; sourceTree = "<group>"; };
		37256BBD1ECE7F71000A25A6 /* Info.plist */ = {isa = PBXFileReference; lastKnownFileType = text.plist.xml; path = Info.plist; sourceTree = "<group>"; };
		37256BC21ECE7F71000A25A6 /* FileManagementTests.xctest */ = {isa = PBXFileReference; explicitFileType = wrapper.cfbundle; includeInIndex = 0; path = FileManagementTests.xctest; sourceTree = BUILT_PRODUCTS_DIR; };
		37256BC61ECE7F71000A25A6 /* FileManagementTests.swift */ = {isa = PBXFileReference; lastKnownFileType = sourcecode.swift; path = FileManagementTests.swift; sourceTree = "<group>"; };
		37256BC81ECE7F71000A25A6 /* Info.plist */ = {isa = PBXFileReference; lastKnownFileType = text.plist.xml; path = Info.plist; sourceTree = "<group>"; };
		37256BCD1ECE7F71000A25A6 /* FileManagementUITests.xctest */ = {isa = PBXFileReference; explicitFileType = wrapper.cfbundle; includeInIndex = 0; path = FileManagementUITests.xctest; sourceTree = BUILT_PRODUCTS_DIR; };
		37256BD11ECE7F71000A25A6 /* FileManagementUITests.swift */ = {isa = PBXFileReference; lastKnownFileType = sourcecode.swift; path = FileManagementUITests.swift; sourceTree = "<group>"; };
		37256BD31ECE7F71000A25A6 /* Info.plist */ = {isa = PBXFileReference; lastKnownFileType = text.plist.xml; path = Info.plist; sourceTree = "<group>"; };
/* End PBXFileReference section */

/* Begin PBXFrameworksBuildPhase section */
		37256BA81ECE7F71000A25A6 /* Frameworks */ = {
			isa = PBXFrameworksBuildPhase;
			buildActionMask = 2147483647;
			files = (
			);
			runOnlyForDeploymentPostprocessing = 0;
		};
		37256BBF1ECE7F71000A25A6 /* Frameworks */ = {
			isa = PBXFrameworksBuildPhase;
			buildActionMask = 2147483647;
			files = (
			);
			runOnlyForDeploymentPostprocessing = 0;
		};
		37256BCA1ECE7F71000A25A6 /* Frameworks */ = {
			isa = PBXFrameworksBuildPhase;
			buildActionMask = 2147483647;
			files = (
			);
			runOnlyForDeploymentPostprocessing = 0;
		};
/* End PBXFrameworksBuildPhase section */

/* Begin PBXGroup section */
		37256BA21ECE7F71000A25A6 = {
			isa = PBXGroup;
			children = (
				37256BAD1ECE7F71000A25A6 /* FileManagement */,
				37256BC51ECE7F71000A25A6 /* FileManagementTests */,
				37256BD01ECE7F71000A25A6 /* FileManagementUITests */,
				37256BAC1ECE7F71000A25A6 /* Products */,
			);
			sourceTree = "<group>";
		};
		37256BAC1ECE7F71000A25A6 /* Products */ = {
			isa = PBXGroup;
			children = (
				37256BAB1ECE7F71000A25A6 /* FileManagement.app */,
				37256BC21ECE7F71000A25A6 /* FileManagementTests.xctest */,
				37256BCD1ECE7F71000A25A6 /* FileManagementUITests.xctest */,
			);
			name = Products;
			sourceTree = "<group>";
		};
		37256BAD1ECE7F71000A25A6 /* FileManagement */ = {
			isa = PBXGroup;
			children = (
				37256BAE1ECE7F71000A25A6 /* AppDelegate.swift */,
				37256BB01ECE7F71000A25A6 /* ViewController.swift */,
				37256BB21ECE7F71000A25A6 /* Main.storyboard */,
				37256BB81ECE7F71000A25A6 /* Assets.xcassets */,
				37256BBA1ECE7F71000A25A6 /* LaunchScreen.storyboard */,
				37256BBD1ECE7F71000A25A6 /* Info.plist */,
				37256BB51ECE7F71000A25A6 /* FileManagement.xcdatamodeld */,
			);
			path = FileManagement;
			sourceTree = "<group>";
		};
		37256BC51ECE7F71000A25A6 /* FileManagementTests */ = {
			isa = PBXGroup;
			children = (
				37256BC61ECE7F71000A25A6 /* FileManagementTests.swift */,
				37256BC81ECE7F71000A25A6 /* Info.plist */,
			);
			path = FileManagementTests;
			sourceTree = "<group>";
		};
		37256BD01ECE7F71000A25A6 /* FileManagementUITests */ = {
			isa = PBXGroup;
			children = (
				37256BD11ECE7F71000A25A6 /* FileManagementUITests.swift */,
				37256BD31ECE7F71000A25A6 /* Info.plist */,
			);
			path = FileManagementUITests;
			sourceTree = "<group>";
		};
/* End PBXGroup section */

/* Begin PBXNativeTarget section */
		37256BAA1ECE7F71000A25A6 /* FileManagement */ = {
			isa = PBXNativeTarget;
			buildConfigurationList = 37256BD61ECE7F71000A25A6 /* Build configuration list for PBXNativeTarget "FileManagement" */;
			buildPhases = (
				37256BA71ECE7F71000A25A6 /* Sources */,
				37256BA81ECE7F71000A25A6 /* Frameworks */,
				37256BA91ECE7F71000A25A6 /* Resources */,
			);
			buildRules = (
			);
			dependencies = (
			);
			name = FileManagement;
			productName = FileManagement;
			productReference = 37256BAB1ECE7F71000A25A6 /* FileManagement.app */;
			productType = "com.apple.product-type.application";
		};
		37256BC11ECE7F71000A25A6 /* FileManagementTests */ = {
			isa = PBXNativeTarget;
			buildConfigurationList = 37256BD91ECE7F71000A25A6 /* Build configuration list for PBXNativeTarget "FileManagementTests" */;
			buildPhases = (
				37256BBE1ECE7F71000A25A6 /* Sources */,
				37256BBF1ECE7F71000A25A6 /* Frameworks */,
				37256BC01ECE7F71000A25A6 /* Resources */,
			);
			buildRules = (
			);
			dependencies = (
				37256BC41ECE7F71000A25A6 /* PBXTargetDependency */,
			);
			name = FileManagementTests;
			productName = FileManagementTests;
			productReference = 37256BC21ECE7F71000A25A6 /* FileManagementTests.xctest */;
			productType = "com.apple.product-type.bundle.unit-test";
		};
		37256BCC1ECE7F71000A25A6 /* FileManagementUITests */ = {
			isa = PBXNativeTarget;
			buildConfigurationList = 37256BDC1ECE7F71000A25A6 /* Build configuration list for PBXNativeTarget "FileManagementUITests" */;
			buildPhases = (
				37256BC91ECE7F71000A25A6 /* Sources */,
				37256BCA1ECE7F71000A25A6 /* Frameworks */,
				37256BCB1ECE7F71000A25A6 /* Resources */,
			);
			buildRules = (
			);
			dependencies = (
				37256BCF1ECE7F71000A25A6 /* PBXTargetDependency */,
			);
			name = FileManagementUITests;
			productName = FileManagementUITests;
			productReference = 37256BCD1ECE7F71000A25A6 /* FileManagementUITests.xctest */;
			productType = "com.apple.product-type.bundle.ui-testing";
		};
/* End PBXNativeTarget section */

/* Begin PBXProject section */
		37256BA31ECE7F71000A25A6 /* Project object */ = {
			isa = PBXProject;
			attributes = {
				LastSwiftUpdateCheck = 0830;
				LastUpgradeCheck = 0830;
				ORGANIZATIONNAME = Cntt04;
				TargetAttributes = {
					37256BAA1ECE7F71000A25A6 = {
						CreatedOnToolsVersion = 8.3;
						ProvisioningStyle = Automatic;
					};
					37256BC11ECE7F71000A25A6 = {
						CreatedOnToolsVersion = 8.3;
						ProvisioningStyle = Automatic;
						TestTargetID = 37256BAA1ECE7F71000A25A6;
					};
					37256BCC1ECE7F71000A25A6 = {
						CreatedOnToolsVersion = 8.3;
						ProvisioningStyle = Automatic;
						TestTargetID = 37256BAA1ECE7F71000A25A6;
					};
				};
			};
			buildConfigurationList = 37256BA61ECE7F71000A25A6 /* Build configuration list for PBXProject "FileManagement" */;
			compatibilityVersion = "Xcode 3.2";
			developmentRegion = English;
			hasScannedForEncodings = 0;
			knownRegions = (
				en,
				Base,
			);
			mainGroup = 37256BA21ECE7F71000A25A6;
			productRefGroup = 37256BAC1ECE7F71000A25A6 /* Products */;
			projectDirPath = "";
			projectRoot = "";
			targets = (
				37256BAA1ECE7F71000A25A6 /* FileManagement */,
				37256BC11ECE7F71000A25A6 /* FileManagementTests */,
				37256BCC1ECE7F71000A25A6 /* FileManagementUITests */,
			);
		};
/* End PBXProject section */

/* Begin PBXResourcesBuildPhase section */
		37256BA91ECE7F71000A25A6 /* Resources */ = {
			isa = PBXResourcesBuildPhase;
			buildActionMask = 2147483647;
			files = (
				37256BBC1ECE7F71000A25A6 /* LaunchScreen.storyboard in Resources */,
				37256BB91ECE7F71000A25A6 /* Assets.xcassets in Resources */,
				37256BB41ECE7F71000A25A6 /* Main.storyboard in Resources */,
			);
			runOnlyForDeploymentPostprocessing = 0;
		};
		37256BC01ECE7F71000A25A6 /* Resources */ = {
			isa = PBXResourcesBuildPhase;
			buildActionMask = 2147483647;
			files = (
			);
			runOnlyForDeploymentPostprocessing = 0;
		};
		37256BCB1ECE7F71000A25A6 /* Resources */ = {
			isa = PBXResourcesBuildPhase;
			buildActionMask = 2147483647;
			files = (
			);
			runOnlyForDeploymentPostprocessing = 0;
		};
/* End PBXResourcesBuildPhase section */

/* Begin PBXSourcesBuildPhase section */
		37256BA71ECE7F71000A25A6 /* Sources */ = {
			isa = PBXSourcesBuildPhase;
			buildActionMask = 2147483647;
			files = (
				37256BB71ECE7F71000A25A6 /* FileManagement.xcdatamodeld in Sources */,
				37256BB11ECE7F71000A25A6 /* ViewController.swift in Sources */,
				37256BAF1ECE7F71000A25A6 /* AppDelegate.swift in Sources */,
			);
			runOnlyForDeploymentPostprocessing = 0;
		};
		37256BBE1ECE7F71000A25A6 /* Sources */ = {
			isa = PBXSourcesBuildPhase;
			buildActionMask = 2147483647;
			files = (
				37256BC71ECE7F71000A25A6 /* FileManagementTests.swift in Sources */,
			);
			runOnlyForDeploymentPostprocessing = 0;
		};
		37256BC91ECE7F71000A25A6 /* Sources */ = {
			isa = PBXSourcesBuildPhase;
			buildActionMask = 2147483647;
			files = (
				37256BD21ECE7F71000A25A6 /* FileManagementUITests.swift in Sources */,
			);
			runOnlyForDeploymentPostprocessing = 0;
		};
/* End PBXSourcesBuildPhase section */

/* Begin PBXTargetDependency section */
		37256BC41ECE7F71000A25A6 /* PBXTargetDependency */ = {
			isa = PBXTargetDependency;
			target = 37256BAA1ECE7F71000A25A6 /* FileManagement */;
			targetProxy = 37256BC31ECE7F71000A25A6 /* PBXContainerItemProxy */;
		};
		37256BCF1ECE7F71000A25A6 /* PBXTargetDependency */ = {
			isa = PBXTargetDependency;
			target = 37256BAA1ECE7F71000A25A6 /* FileManagement */;
			targetProxy = 37256BCE1ECE7F71000A25A6 /* PBXContainerItemProxy */;
		};
/* End PBXTargetDependency section */

/* Begin PBXVariantGroup section */
		37256BB21ECE7F71000A25A6 /* Main.storyboard */ = {
			isa = PBXVariantGroup;
			children = (
				37256BB31ECE7F71000A25A6 /* Base */,
			);
			name = Main.storyboard;
			sourceTree = "<group>";
		};
		37256BBA1ECE7F71000A25A6 /* LaunchScreen.storyboard */ = {
			isa = PBXVariantGroup;
			children = (
				37256BBB1ECE7F71000A25A6 /* Base */,
			);
			name = LaunchScreen.storyboard;
			sourceTree = "<group>";
		};
/* End PBXVariantGroup section */

/* Begin XCBuildConfiguration section */
		37256BD41ECE7F71000A25A6 /* Debug */ = {
			isa = XCBuildConfiguration;
			buildSettings = {
				ALWAYS_SEARCH_USER_PATHS = NO;
				CLANG_ANALYZER_NONNULL = YES;
				CLANG_ANALYZER_NUMBER_OBJECT_CONVERSION = YES_AGGRESSIVE;
				CLANG_CXX_LANGUAGE_STANDARD = "gnu++0x";
				CLANG_CXX_LIBRARY = "libc++";
				CLANG_ENABLE_MODULES = YES;
				CLANG_ENABLE_OBJC_ARC = YES;
				CLANG_WARN_BOOL_CONVERSION = YES;
				CLANG_WARN_CONSTANT_CONVERSION = YES;
				CLANG_WARN_DIRECT_OBJC_ISA_USAGE = YES_ERROR;
				CLANG_WARN_DOCUMENTATION_COMMENTS = YES;
				CLANG_WARN_EMPTY_BODY = YES;
				CLANG_WARN_ENUM_CONVERSION = YES;
				CLANG_WARN_INFINITE_RECURSION = YES;
				CLANG_WARN_INT_CONVERSION = YES;
				CLANG_WARN_OBJC_ROOT_CLASS = YES_ERROR;
				CLANG_WARN_SUSPICIOUS_MOVE = YES;
				CLANG_WARN_UNREACHABLE_CODE = YES;
				CLANG_WARN__DUPLICATE_METHOD_MATCH = YES;
				"CODE_SIGN_IDENTITY[sdk=iphoneos*]" = "iPhone Developer";
				COPY_PHASE_STRIP = NO;
				DEBUG_INFORMATION_FORMAT = dwarf;
				ENABLE_STRICT_OBJC_MSGSEND = YES;
				ENABLE_TESTABILITY = YES;
				GCC_C_LANGUAGE_STANDARD = gnu99;
				GCC_DYNAMIC_NO_PIC = NO;
				GCC_NO_COMMON_BLOCKS = YES;
				GCC_OPTIMIZATION_LEVEL = 0;
				GCC_PREPROCESSOR_DEFINITIONS = (
					"DEBUG=1",
					"$(inherited)",
				);
				GCC_WARN_64_TO_32_BIT_CONVERSION = YES;
				GCC_WARN_ABOUT_RETURN_TYPE = YES_ERROR;
				GCC_WARN_UNDECLARED_SELECTOR = YES;
				GCC_WARN_UNINITIALIZED_AUTOS = YES_AGGRESSIVE;
				GCC_WARN_UNUSED_FUNCTION = YES;
				GCC_WARN_UNUSED_VARIABLE = YES;
				IPHONEOS_DEPLOYMENT_TARGET = 10.3;
				MTL_ENABLE_DEBUG_INFO = YES;
				ONLY_ACTIVE_ARCH = YES;
				SDKROOT = iphoneos;
				SWIFT_ACTIVE_COMPILATION_CONDITIONS = DEBUG;
				SWIFT_OPTIMIZATION_LEVEL = "-Onone";
				TARGETED_DEVICE_FAMILY = "1,2";
			};
			name = Debug;
		};
		37256BD51ECE7F71000A25A6 /* Release */ = {
			isa = XCBuildConfiguration;
			buildSettings = {
				ALWAYS_SEARCH_USER_PATHS = NO;
				CLANG_ANALYZER_NONNULL = YES;
				CLANG_ANALYZER_NUMBER_OBJECT_CONVERSION = YES_AGGRESSIVE;
				CLANG_CXX_LANGUAGE_STANDARD = "gnu++0x";
				CLANG_CXX_LIBRARY = "libc++";
				CLANG_ENABLE_MODULES = YES;
				CLANG_ENABLE_OBJC_ARC = YES;
				CLANG_WARN_BOOL_CONVERSION = YES;
				CLANG_WARN_CONSTANT_CONVERSION = YES;
				CLANG_WARN_DIRECT_OBJC_ISA_USAGE = YES_ERROR;
				CLANG_WARN_DOCUMENTATION_COMMENTS = YES;
				CLANG_WARN_EMPTY_BODY = YES;
				CLANG_WARN_ENUM_CONVERSION = YES;
				CLANG_WARN_INFINITE_RECURSION = YES;
				CLANG_WARN_INT_CONVERSION = YES;
				CLANG_WARN_OBJC_ROOT_CLASS = YES_ERROR;
				CLANG_WARN_SUSPICIOUS_MOVE = YES;
				CLANG_WARN_UNREACHABLE_CODE = YES;
				CLANG_WARN__DUPLICATE_METHOD_MATCH = YES;
				"CODE_SIGN_IDENTITY[sdk=iphoneos*]" = "iPhone Developer";
				COPY_PHASE_STRIP = NO;
				DEBUG_INFORMATION_FORMAT = "dwarf-with-dsym";
				ENABLE_NS_ASSERTIONS = NO;
				ENABLE_STRICT_OBJC_MSGSEND = YES;
				GCC_C_LANGUAGE_STANDARD = gnu99;
				GCC_NO_COMMON_BLOCKS = YES;
				GCC_WARN_64_TO_32_BIT_CONVERSION = YES;
				GCC_WARN_ABOUT_RETURN_TYPE = YES_ERROR;
				GCC_WARN_UNDECLARED_SELECTOR = YES;
				GCC_WARN_UNINITIALIZED_AUTOS = YES_AGGRESSIVE;
				GCC_WARN_UNUSED_FUNCTION = YES;
				GCC_WARN_UNUSED_VARIABLE = YES;
				IPHONEOS_DEPLOYMENT_TARGET = 10.3;
				MTL_ENABLE_DEBUG_INFO = NO;
				SDKROOT = iphoneos;
				SWIFT_OPTIMIZATION_LEVEL = "-Owholemodule";
				TARGETED_DEVICE_FAMILY = "1,2";
				VALIDATE_PRODUCT = YES;
			};
			name = Release;
		};
		37256BD71ECE7F71000A25A6 /* Debug */ = {
			isa = XCBuildConfiguration;
			buildSettings = {
				ASSETCATALOG_COMPILER_APPICON_NAME = AppIcon;
				INFOPLIST_FILE = FileManagement/Info.plist;
				LD_RUNPATH_SEARCH_PATHS = "$(inherited) @executable_path/Frameworks";
				PRODUCT_BUNDLE_IDENTIFIER = vietnam.FileManagement;
				PRODUCT_NAME = "$(TARGET_NAME)";
				SWIFT_VERSION = 3.0;
			};
			name = Debug;
		};
		37256BD81ECE7F71000A25A6 /* Release */ = {
			isa = XCBuildConfiguration;
			buildSettings = {
				ASSETCATALOG_COMPILER_APPICON_NAME = AppIcon;
				INFOPLIST_FILE = FileManagement/Info.plist;
				LD_RUNPATH_SEARCH_PATHS = "$(inherited) @executable_path/Frameworks";
				PRODUCT_BUNDLE_IDENTIFIER = vietnam.FileManagement;
				PRODUCT_NAME = "$(TARGET_NAME)";
				SWIFT_VERSION = 3.0;
			};
			name = Release;
		};
		37256BDA1ECE7F71000A25A6 /* Debug */ = {
			isa = XCBuildConfiguration;
			buildSettings = {
				ALWAYS_EMBED_SWIFT_STANDARD_LIBRARIES = YES;
				BUNDLE_LOADER = "$(TEST_HOST)";
				INFOPLIST_FILE = FileManagementTests/Info.plist;
				LD_RUNPATH_SEARCH_PATHS = "$(inherited) @executable_path/Frameworks @loader_path/Frameworks";
				PRODUCT_BUNDLE_IDENTIFIER = vietnam.FileManagementTests;
				PRODUCT_NAME = "$(TARGET_NAME)";
				SWIFT_VERSION = 3.0;
				TEST_HOST = "$(BUILT_PRODUCTS_DIR)/FileManagement.app/FileManagement";
			};
			name = Debug;
		};
		37256BDB1ECE7F71000A25A6 /* Release */ = {
			isa = XCBuildConfiguration;
			buildSettings = {
				ALWAYS_EMBED_SWIFT_STANDARD_LIBRARIES = YES;
				BUNDLE_LOADER = "$(TEST_HOST)";
				INFOPLIST_FILE = FileManagementTests/Info.plist;
				LD_RUNPATH_SEARCH_PATHS = "$(inherited) @executable_path/Frameworks @loader_path/Frameworks";
				PRODUCT_BUNDLE_IDENTIFIER = vietnam.FileManagementTests;
				PRODUCT_NAME = "$(TARGET_NAME)";
				SWIFT_VERSION = 3.0;
				TEST_HOST = "$(BUILT_PRODUCTS_DIR)/FileManagement.app/FileManagement";
			};
			name = Release;
		};
		37256BDD1ECE7F71000A25A6 /* Debug */ = {
			isa = XCBuildConfiguration;
			buildSettings = {
				ALWAYS_EMBED_SWIFT_STANDARD_LIBRARIES = YES;
				INFOPLIST_FILE = FileManagementUITests/Info.plist;
				LD_RUNPATH_SEARCH_PATHS = "$(inherited) @executable_path/Frameworks @loader_path/Frameworks";
				PRODUCT_BUNDLE_IDENTIFIER = vietnam.FileManagementUITests;
				PRODUCT_NAME = "$(TARGET_NAME)";
				SWIFT_VERSION = 3.0;
				TEST_TARGET_NAME = FileManagement;
			};
			name = Debug;
		};
		37256BDE1ECE7F71000A25A6 /* Release */ = {
			isa = XCBuildConfiguration;
			buildSettings = {
				ALWAYS_EMBED_SWIFT_STANDARD_LIBRARIES = YES;
				INFOPLIST_FILE = FileManagementUITests/Info.plist;
				LD_RUNPATH_SEARCH_PATHS = "$(inherited) @executable_path/Frameworks @loader_path/Frameworks";
				PRODUCT_BUNDLE_IDENTIFIER = vietnam.FileManagementUITests;
				PRODUCT_NAME = "$(TARGET_NAME)";
				SWIFT_VERSION = 3.0;
				TEST_TARGET_NAME = FileManagement;
			};
			name = Release;
		};
/* End XCBuildConfiguration section */

/* Begin XCConfigurationList section */
		37256BA61ECE7F71000A25A6 /* Build configuration list for PBXProject "FileManagement" */ = {
			isa = XCConfigurationList;
			buildConfigurations = (
				37256BD41ECE7F71000A25A6 /* Debug */,
				37256BD51ECE7F71000A25A6 /* Release */,
			);
			defaultConfigurationIsVisible = 0;
			defaultConfigurationName = Release;
		};
		37256BD61ECE7F71000A25A6 /* Build configuration list for PBXNativeTarget "FileManagement" */ = {
			isa = XCConfigurationList;
			buildConfigurations = (
				37256BD71ECE7F71000A25A6 /* Debug */,
				37256BD81ECE7F71000A25A6 /* Release */,
			);
			defaultConfigurationIsVisible = 0;
		};
		37256BD91ECE7F71000A25A6 /* Build configuration list for PBXNativeTarget "FileManagementTests" */ = {
			isa = XCConfigurationList;
			buildConfigurations = (
				37256BDA1ECE7F71000A25A6 /* Debug */,
				37256BDB1ECE7F71000A25A6 /* Release */,
			);
			defaultConfigurationIsVisible = 0;
		};
		37256BDC1ECE7F71000A25A6 /* Build configuration list for PBXNativeTarget "FileManagementUITests" */ = {
			isa = XCConfigurationList;
			buildConfigurations = (
				37256BDD1ECE7F71000A25A6 /* Debug */,
				37256BDE1ECE7F71000A25A6 /* Release */,
			);
			defaultConfigurationIsVisible = 0;
		};
/* End XCConfigurationList section */

/* Begin XCVersionGroup section */
		37256BB51ECE7F71000A25A6 /* FileManagement.xcdatamodeld */ = {
			isa = XCVersionGroup;
			children = (
				37256BB61ECE7F71000A25A6 /* FileManagement.xcdatamodel */,
			);
			currentVersion = 37256BB61ECE7F71000A25A6 /* FileManagement.xcdatamodel */;
			path = FileManagement.xcdatamodeld;
			sourceTree = "<group>";
			versionGroupType = wrapper.xcdatamodel;
		};
/* End XCVersionGroup section */
	};
	rootObject = 37256BA31ECE7F71000A25A6 /* Project object */;
}
